
Microsoft Visual Studio Solution File, Format Version 12.00
# Visual Studio 14
VisualStudioVersion = 14.0.25420.1
MinimumVisualStudioVersion = 10.0.40219.1
Project("{FAE04EC0-301F-11D3-BF4B-00C04F79EFBC}") = "OpenInApp.Launcher", "OpenInApp.Launcher\OpenInApp.Launcher.csproj", "{9EB69AD7-FE27-44C3-A86C-D77691037224}"
EndProject
Project("{2150E333-8FDC-42A3-9474-1A3956D46DE8}") = "Solution Items", "Solution Items", "{D0240FDC-C28B-406B-A2B3-D664C41A7517}"
	ProjectSection(SolutionItems) = preProject
		CHANGELOG.md = CHANGELOG.md
		chart.png = chart.png
		CONTRIBUTING.md = CONTRIBUTING.md
		ISSUE_TEMPLATE.md = ISSUE_TEMPLATE.md
		LICENSE.txt = LICENSE.txt
		OpenInApp_Generic_175x175.png = OpenInApp_Generic_175x175.png
		README.md = README.md
	EndProjectSection
EndProject
Global
	GlobalSection(SolutionConfigurationPlatforms) = preSolution
		Debug|Any CPU = Debug|Any CPU
		Release|Any CPU = Release|Any CPU
	EndGlobalSection
	GlobalSection(ProjectConfigurationPlatforms) = postSolution
		{9EB69AD7-FE27-44C3-A86C-D77691037224}.Debug|Any CPU.ActiveCfg = Debug|Any CPU
		{9EB69AD7-FE27-44C3-A86C-D77691037224}.Debug|Any CPU.Build.0 = Debug|Any CPU
		{9EB69AD7-FE27-44C3-A86C-D77691037224}.Release|Any CPU.ActiveCfg = Release|Any CPU
		{9EB69AD7-FE27-44C3-A86C-D77691037224}.Release|Any CPU.Build.0 = Release|Any CPU
	EndGlobalSection
	GlobalSection(SolutionProperties) = preSolution
		HideSolutionNode = FALSE
	EndGlobalSection
EndGlobal
