
Microsoft Visual Studio Solution File, Format Version 12.00
# Visual Studio 14
VisualStudioVersion = 14.0.25420.1
MinimumVisualStudioVersion = 10.0.40219.1
Project("{2150E333-8FDC-42A3-9474-1A3956D46DE8}") = "Solution Items", "Solution Items", "{D0240FDC-C28B-406B-A2B3-D664C41A7517}"
	ProjectSection(SolutionItems) = preProject
		..\CHANGELOG.md = ..\CHANGELOG.md
		..\LICENSE.txt = ..\LICENSE.txt
		..\README.md = ..\README.md
	EndProjectSection
EndProject
Project("{FAE04EC0-301F-11D3-BF4B-00C04F79EFBC}") = "OpenInAltovaXmlSpy", "OpenInAltovaXmlSpy\OpenInAltovaXmlSpy.csproj", "{0DD8CCEA-DC16-4065-B148-E388F9FD30D3}"
EndProject
Project("{FAE04EC0-301F-11D3-BF4B-00C04F79EFBC}") = "OpenInApp.Command", "OpenInApp.Command\OpenInApp.Command.csproj", "{FB454D10-D473-4E49-A289-9BB8713DA1A1}"
EndProject
Project("{FAE04EC0-301F-11D3-BF4B-00C04F79EFBC}") = "OpenInApp.Common", "OpenInApp.Common\OpenInApp.Common.csproj", "{78680FB3-22E5-4200-9756-2C2CEC66161D}"
EndProject
Project("{FAE04EC0-301F-11D3-BF4B-00C04F79EFBC}") = "OpenInApp.Common.Tests", "OpenInApp.Common.Tests\OpenInApp.Common.Tests.csproj", "{14817DAF-3B76-4E3A-9C6B-B69C9A438183}"
EndProject
Project("{FAE04EC0-301F-11D3-BF4B-00C04F79EFBC}") = "OpenInGimp", "OpenInGimp\OpenInGimp.csproj", "{BAB701B5-1EED-46E4-967C-33541737085D}"
EndProject
Project("{FAE04EC0-301F-11D3-BF4B-00C04F79EFBC}") = "OpenInMarkdownMonster", "OpenInMarkdownMonster\OpenInMarkdownMonster.csproj", "{18067DC7-DCDD-47DF-AD90-160D9579C0B8}"
EndProject
Project("{FAE04EC0-301F-11D3-BF4B-00C04F79EFBC}") = "OpenInPaintDotNet", "OpenInPaintDotNet\OpenInPaintDotNet.csproj", "{0B1434B0-FA30-469C-8E25-BE99F2D6AE01}"
EndProject
Project("{FAE04EC0-301F-11D3-BF4B-00C04F79EFBC}") = "OpenInApp.Template", "OpenInApp.Template\OpenInApp.Template.csproj", "{ED1F9EAE-6ADA-457E-BD47-650DD5B8304E}"
EndProject
Project("{FAE04EC0-301F-11D3-BF4B-00C04F79EFBC}") = "OpenInVS2012", "OpenInVS2012\OpenInVS2012.csproj", "{9090BD01-3E3D-4117-B827-B56AF964DBD1}"
EndProject
Project("{FAE04EC0-301F-11D3-BF4B-00C04F79EFBC}") = "OpenInVS2013", "OpenInVS2013\OpenInVS2013.csproj", "{00617280-1657-471F-A48A-CB3C2048B6BF}"
EndProject
Project("{FAE04EC0-301F-11D3-BF4B-00C04F79EFBC}") = "OpenInVS2015", "OpenInVS2015\OpenInVS2015.csproj", "{044707DC-FDD8-4B88-9C58-641467CC7FA1}"
EndProject
Project("{FAE04EC0-301F-11D3-BF4B-00C04F79EFBC}") = "OpenInVS2017Community", "OpenInVS2017Community\OpenInVS2017Community.csproj", "{3F5B1A50-2E7E-46C8-8879-53B34E48D0B7}"
EndProject
Project("{FAE04EC0-301F-11D3-BF4B-00C04F79EFBC}") = "OpenInVS2017Enterprise", "OpenInVS2017Enterprise\OpenInVS2017Enterprise.csproj", "{033AFEA5-C4FC-4176-AF55-B0E0054E4B9C}"
EndProject
Project("{FAE04EC0-301F-11D3-BF4B-00C04F79EFBC}") = "OpenInVS2017Professional", "OpenInVS2017Professional\OpenInVS2017Professional.csproj", "{5E307B73-F302-42C0-945F-C695D6D4FE91}"
EndProject
Project("{2150E333-8FDC-42A3-9474-1A3956D46DE8}") = "GitHubAssets", "GitHubAssets", "{7D008998-3D8D-43BA-833C-06586753FD8C}"
	ProjectSection(SolutionItems) = preProject
		..\assets\chart.png = ..\assets\chart.png
		..\assets\zOpenInApp_Generic_175x175.png = ..\assets\zOpenInApp_Generic_175x175.png
	EndProjectSection
EndProject
Project("{FAE04EC0-301F-11D3-BF4B-00C04F79EFBC}") = "OpenInApp.Assets", "OpenInApp.Assets\OpenInApp.Assets.csproj", "{3FB0055C-325C-40A6-8D60-5AA0B09D58DC}"
EndProject
Project("{2150E333-8FDC-42A3-9474-1A3956D46DE8}") = "Shared", "Shared", "{20A3F2B7-5986-4BE8-A9A7-1E85B57DCBD1}"
EndProject
Project("{2150E333-8FDC-42A3-9474-1A3956D46DE8}") = "IndividualVsixAssets", "IndividualVsixAssets", "{C6CA8ECD-D076-4C9E-B5FE-E3CB43ADEB1C}"
EndProject
Global
	GlobalSection(SolutionConfigurationPlatforms) = preSolution
		Debug|Any CPU = Debug|Any CPU
		Release|Any CPU = Release|Any CPU
	EndGlobalSection
	GlobalSection(ProjectConfigurationPlatforms) = postSolution
		{0DD8CCEA-DC16-4065-B148-E388F9FD30D3}.Debug|Any CPU.ActiveCfg = Debug|Any CPU
		{0DD8CCEA-DC16-4065-B148-E388F9FD30D3}.Debug|Any CPU.Build.0 = Debug|Any CPU
		{0DD8CCEA-DC16-4065-B148-E388F9FD30D3}.Release|Any CPU.ActiveCfg = Release|Any CPU
		{0DD8CCEA-DC16-4065-B148-E388F9FD30D3}.Release|Any CPU.Build.0 = Release|Any CPU
		{FB454D10-D473-4E49-A289-9BB8713DA1A1}.Debug|Any CPU.ActiveCfg = Debug|Any CPU
		{FB454D10-D473-4E49-A289-9BB8713DA1A1}.Debug|Any CPU.Build.0 = Debug|Any CPU
		{FB454D10-D473-4E49-A289-9BB8713DA1A1}.Release|Any CPU.ActiveCfg = Release|Any CPU
		{FB454D10-D473-4E49-A289-9BB8713DA1A1}.Release|Any CPU.Build.0 = Release|Any CPU
		{78680FB3-22E5-4200-9756-2C2CEC66161D}.Debug|Any CPU.ActiveCfg = Debug|Any CPU
		{78680FB3-22E5-4200-9756-2C2CEC66161D}.Debug|Any CPU.Build.0 = Debug|Any CPU
		{78680FB3-22E5-4200-9756-2C2CEC66161D}.Release|Any CPU.ActiveCfg = Release|Any CPU
		{78680FB3-22E5-4200-9756-2C2CEC66161D}.Release|Any CPU.Build.0 = Release|Any CPU
		{14817DAF-3B76-4E3A-9C6B-B69C9A438183}.Debug|Any CPU.ActiveCfg = Debug|Any CPU
		{14817DAF-3B76-4E3A-9C6B-B69C9A438183}.Debug|Any CPU.Build.0 = Debug|Any CPU
		{14817DAF-3B76-4E3A-9C6B-B69C9A438183}.Release|Any CPU.ActiveCfg = Release|Any CPU
		{14817DAF-3B76-4E3A-9C6B-B69C9A438183}.Release|Any CPU.Build.0 = Release|Any CPU
		{BAB701B5-1EED-46E4-967C-33541737085D}.Debug|Any CPU.ActiveCfg = Debug|Any CPU
		{BAB701B5-1EED-46E4-967C-33541737085D}.Debug|Any CPU.Build.0 = Debug|Any CPU
		{BAB701B5-1EED-46E4-967C-33541737085D}.Release|Any CPU.ActiveCfg = Release|Any CPU
		{BAB701B5-1EED-46E4-967C-33541737085D}.Release|Any CPU.Build.0 = Release|Any CPU
		{18067DC7-DCDD-47DF-AD90-160D9579C0B8}.Debug|Any CPU.ActiveCfg = Debug|Any CPU
		{18067DC7-DCDD-47DF-AD90-160D9579C0B8}.Debug|Any CPU.Build.0 = Debug|Any CPU
		{18067DC7-DCDD-47DF-AD90-160D9579C0B8}.Release|Any CPU.ActiveCfg = Release|Any CPU
		{18067DC7-DCDD-47DF-AD90-160D9579C0B8}.Release|Any CPU.Build.0 = Release|Any CPU
		{0B1434B0-FA30-469C-8E25-BE99F2D6AE01}.Debug|Any CPU.ActiveCfg = Debug|Any CPU
		{0B1434B0-FA30-469C-8E25-BE99F2D6AE01}.Debug|Any CPU.Build.0 = Debug|Any CPU
		{0B1434B0-FA30-469C-8E25-BE99F2D6AE01}.Release|Any CPU.ActiveCfg = Release|Any CPU
		{0B1434B0-FA30-469C-8E25-BE99F2D6AE01}.Release|Any CPU.Build.0 = Release|Any CPU
		{ED1F9EAE-6ADA-457E-BD47-650DD5B8304E}.Debug|Any CPU.ActiveCfg = Debug|Any CPU
		{ED1F9EAE-6ADA-457E-BD47-650DD5B8304E}.Debug|Any CPU.Build.0 = Debug|Any CPU
		{ED1F9EAE-6ADA-457E-BD47-650DD5B8304E}.Release|Any CPU.ActiveCfg = Release|Any CPU
		{ED1F9EAE-6ADA-457E-BD47-650DD5B8304E}.Release|Any CPU.Build.0 = Release|Any CPU
		{9090BD01-3E3D-4117-B827-B56AF964DBD1}.Debug|Any CPU.ActiveCfg = Debug|Any CPU
		{9090BD01-3E3D-4117-B827-B56AF964DBD1}.Debug|Any CPU.Build.0 = Debug|Any CPU
		{9090BD01-3E3D-4117-B827-B56AF964DBD1}.Release|Any CPU.ActiveCfg = Release|Any CPU
		{9090BD01-3E3D-4117-B827-B56AF964DBD1}.Release|Any CPU.Build.0 = Release|Any CPU
		{00617280-1657-471F-A48A-CB3C2048B6BF}.Debug|Any CPU.ActiveCfg = Debug|Any CPU
		{00617280-1657-471F-A48A-CB3C2048B6BF}.Debug|Any CPU.Build.0 = Debug|Any CPU
		{00617280-1657-471F-A48A-CB3C2048B6BF}.Release|Any CPU.ActiveCfg = Release|Any CPU
		{00617280-1657-471F-A48A-CB3C2048B6BF}.Release|Any CPU.Build.0 = Release|Any CPU
		{044707DC-FDD8-4B88-9C58-641467CC7FA1}.Debug|Any CPU.ActiveCfg = Debug|Any CPU
		{044707DC-FDD8-4B88-9C58-641467CC7FA1}.Debug|Any CPU.Build.0 = Debug|Any CPU
		{044707DC-FDD8-4B88-9C58-641467CC7FA1}.Release|Any CPU.ActiveCfg = Release|Any CPU
		{044707DC-FDD8-4B88-9C58-641467CC7FA1}.Release|Any CPU.Build.0 = Release|Any CPU
		{3F5B1A50-2E7E-46C8-8879-53B34E48D0B7}.Debug|Any CPU.ActiveCfg = Debug|Any CPU
		{3F5B1A50-2E7E-46C8-8879-53B34E48D0B7}.Debug|Any CPU.Build.0 = Debug|Any CPU
		{3F5B1A50-2E7E-46C8-8879-53B34E48D0B7}.Release|Any CPU.ActiveCfg = Release|Any CPU
		{3F5B1A50-2E7E-46C8-8879-53B34E48D0B7}.Release|Any CPU.Build.0 = Release|Any CPU
		{033AFEA5-C4FC-4176-AF55-B0E0054E4B9C}.Debug|Any CPU.ActiveCfg = Debug|Any CPU
		{033AFEA5-C4FC-4176-AF55-B0E0054E4B9C}.Debug|Any CPU.Build.0 = Debug|Any CPU
		{033AFEA5-C4FC-4176-AF55-B0E0054E4B9C}.Release|Any CPU.ActiveCfg = Release|Any CPU
		{033AFEA5-C4FC-4176-AF55-B0E0054E4B9C}.Release|Any CPU.Build.0 = Release|Any CPU
		{5E307B73-F302-42C0-945F-C695D6D4FE91}.Debug|Any CPU.ActiveCfg = Debug|Any CPU
		{5E307B73-F302-42C0-945F-C695D6D4FE91}.Debug|Any CPU.Build.0 = Debug|Any CPU
		{5E307B73-F302-42C0-945F-C695D6D4FE91}.Release|Any CPU.ActiveCfg = Release|Any CPU
		{5E307B73-F302-42C0-945F-C695D6D4FE91}.Release|Any CPU.Build.0 = Release|Any CPU
		{3FB0055C-325C-40A6-8D60-5AA0B09D58DC}.Debug|Any CPU.ActiveCfg = Debug|Any CPU
		{3FB0055C-325C-40A6-8D60-5AA0B09D58DC}.Debug|Any CPU.Build.0 = Debug|Any CPU
		{3FB0055C-325C-40A6-8D60-5AA0B09D58DC}.Release|Any CPU.ActiveCfg = Release|Any CPU
		{3FB0055C-325C-40A6-8D60-5AA0B09D58DC}.Release|Any CPU.Build.0 = Release|Any CPU
	EndGlobalSection
	GlobalSection(SolutionProperties) = preSolution
		HideSolutionNode = FALSE
	EndGlobalSection
	GlobalSection(NestedProjects) = preSolution
		{FB454D10-D473-4E49-A289-9BB8713DA1A1} = {20A3F2B7-5986-4BE8-A9A7-1E85B57DCBD1}
		{78680FB3-22E5-4200-9756-2C2CEC66161D} = {20A3F2B7-5986-4BE8-A9A7-1E85B57DCBD1}
		{14817DAF-3B76-4E3A-9C6B-B69C9A438183} = {20A3F2B7-5986-4BE8-A9A7-1E85B57DCBD1}
		{7D008998-3D8D-43BA-833C-06586753FD8C} = {D0240FDC-C28B-406B-A2B3-D664C41A7517}
		{3FB0055C-325C-40A6-8D60-5AA0B09D58DC} = {C6CA8ECD-D076-4C9E-B5FE-E3CB43ADEB1C}
	EndGlobalSection
EndGlobal
